
Microsoft Visual Studio Solution File, Format Version 12.00
# Visual Studio 15
VisualStudioVersion = 15.0.26124.0
MinimumVisualStudioVersion = 15.0.26124.0
Project("{2150E333-8FDC-42A3-9474-1A3956D46DE8}") = "src", "src", "{7281FDA5-61F5-4FEE-9AD5-5B3DC1B62C8C}"
EndProject
Project("{FAE04EC0-301F-11D3-BF4B-00C04F79EFBC}") = "NCI.OCPL.Api.Common", "src\NCI.OCPL.Api.Common\NCI.OCPL.Api.Common.csproj", "{508A70E3-C6BF-480E-8185-B6009D79FEE5}"
EndProject
Project("{FAE04EC0-301F-11D3-BF4B-00C04F79EFBC}") = "NCI.OCPL.Api.Common.Testing", "src\NCI.OCPL.Api.Common.Testing\NCI.OCPL.Api.Common.Testing.csproj", "{3D8CC398-6127-4A44-830B-8809EFD1C522}"
EndProject
Project("{2150E333-8FDC-42A3-9474-1A3956D46DE8}") = "test", "test", "{40E702F2-681F-4D96-8954-2EA00B760377}"
EndProject
Project("{FAE04EC0-301F-11D3-BF4B-00C04F79EFBC}") = "NCI.OCPL.Api.Common.Tests", "test\NCI.OCPL.Api.Common.Tests\NCI.OCPL.Api.Common.Tests.csproj", "{6E34968B-C029-41F2-AF51-9E2D8A625E3A}"
EndProject
Project("{FAE04EC0-301F-11D3-BF4B-00C04F79EFBC}") = "integration-test-harness", "test\integration-test-harness\integration-test-harness.csproj", "{645B2B48-EA99-490D-A147-7448CB633943}"
EndProject
Project("{FAE04EC0-301F-11D3-BF4B-00C04F79EFBC}") = "NCI.OCPL.Api.Common.Testing.Tests", "test\NCI.OCPL.Api.Common.Testing.Tests\NCI.OCPL.Api.Common.Testing.Tests.csproj", "{87F32A70-6D4F-48B4-9ABC-E8BB8E69087B}"
EndProject
Global
	GlobalSection(SolutionConfigurationPlatforms) = preSolution
		Debug|Any CPU = Debug|Any CPU
		Debug|x64 = Debug|x64
		Debug|x86 = Debug|x86
		Release|Any CPU = Release|Any CPU
		Release|x64 = Release|x64
		Release|x86 = Release|x86
	EndGlobalSection
	GlobalSection(SolutionProperties) = preSolution
		HideSolutionNode = FALSE
	EndGlobalSection
	GlobalSection(ProjectConfigurationPlatforms) = postSolution
		{508A70E3-C6BF-480E-8185-B6009D79FEE5}.Debug|Any CPU.ActiveCfg = Debug|Any CPU
		{508A70E3-C6BF-480E-8185-B6009D79FEE5}.Debug|Any CPU.Build.0 = Debug|Any CPU
		{508A70E3-C6BF-480E-8185-B6009D79FEE5}.Debug|x64.ActiveCfg = Debug|Any CPU
		{508A70E3-C6BF-480E-8185-B6009D79FEE5}.Debug|x64.Build.0 = Debug|Any CPU
		{508A70E3-C6BF-480E-8185-B6009D79FEE5}.Debug|x86.ActiveCfg = Debug|Any CPU
		{508A70E3-C6BF-480E-8185-B6009D79FEE5}.Debug|x86.Build.0 = Debug|Any CPU
		{508A70E3-C6BF-480E-8185-B6009D79FEE5}.Release|Any CPU.ActiveCfg = Release|Any CPU
		{508A70E3-C6BF-480E-8185-B6009D79FEE5}.Release|Any CPU.Build.0 = Release|Any CPU
		{508A70E3-C6BF-480E-8185-B6009D79FEE5}.Release|x64.ActiveCfg = Release|Any CPU
		{508A70E3-C6BF-480E-8185-B6009D79FEE5}.Release|x64.Build.0 = Release|Any CPU
		{508A70E3-C6BF-480E-8185-B6009D79FEE5}.Release|x86.ActiveCfg = Release|Any CPU
		{508A70E3-C6BF-480E-8185-B6009D79FEE5}.Release|x86.Build.0 = Release|Any CPU
		{3D8CC398-6127-4A44-830B-8809EFD1C522}.Debug|Any CPU.ActiveCfg = Debug|Any CPU
		{3D8CC398-6127-4A44-830B-8809EFD1C522}.Debug|Any CPU.Build.0 = Debug|Any CPU
		{3D8CC398-6127-4A44-830B-8809EFD1C522}.Debug|x64.ActiveCfg = Debug|Any CPU
		{3D8CC398-6127-4A44-830B-8809EFD1C522}.Debug|x64.Build.0 = Debug|Any CPU
		{3D8CC398-6127-4A44-830B-8809EFD1C522}.Debug|x86.ActiveCfg = Debug|Any CPU
		{3D8CC398-6127-4A44-830B-8809EFD1C522}.Debug|x86.Build.0 = Debug|Any CPU
		{3D8CC398-6127-4A44-830B-8809EFD1C522}.Release|Any CPU.ActiveCfg = Release|Any CPU
		{3D8CC398-6127-4A44-830B-8809EFD1C522}.Release|Any CPU.Build.0 = Release|Any CPU
		{3D8CC398-6127-4A44-830B-8809EFD1C522}.Release|x64.ActiveCfg = Release|Any CPU
		{3D8CC398-6127-4A44-830B-8809EFD1C522}.Release|x64.Build.0 = Release|Any CPU
		{3D8CC398-6127-4A44-830B-8809EFD1C522}.Release|x86.ActiveCfg = Release|Any CPU
		{3D8CC398-6127-4A44-830B-8809EFD1C522}.Release|x86.Build.0 = Release|Any CPU
		{6E34968B-C029-41F2-AF51-9E2D8A625E3A}.Debug|Any CPU.ActiveCfg = Debug|Any CPU
		{6E34968B-C029-41F2-AF51-9E2D8A625E3A}.Debug|Any CPU.Build.0 = Debug|Any CPU
		{6E34968B-C029-41F2-AF51-9E2D8A625E3A}.Debug|x64.ActiveCfg = Debug|Any CPU
		{6E34968B-C029-41F2-AF51-9E2D8A625E3A}.Debug|x64.Build.0 = Debug|Any CPU
		{6E34968B-C029-41F2-AF51-9E2D8A625E3A}.Debug|x86.ActiveCfg = Debug|Any CPU
		{6E34968B-C029-41F2-AF51-9E2D8A625E3A}.Debug|x86.Build.0 = Debug|Any CPU
		{6E34968B-C029-41F2-AF51-9E2D8A625E3A}.Release|Any CPU.ActiveCfg = Release|Any CPU
		{6E34968B-C029-41F2-AF51-9E2D8A625E3A}.Release|Any CPU.Build.0 = Release|Any CPU
		{6E34968B-C029-41F2-AF51-9E2D8A625E3A}.Release|x64.ActiveCfg = Release|Any CPU
		{6E34968B-C029-41F2-AF51-9E2D8A625E3A}.Release|x64.Build.0 = Release|Any CPU
		{6E34968B-C029-41F2-AF51-9E2D8A625E3A}.Release|x86.ActiveCfg = Release|Any CPU
		{6E34968B-C029-41F2-AF51-9E2D8A625E3A}.Release|x86.Build.0 = Release|Any CPU
		{645B2B48-EA99-490D-A147-7448CB633943}.Debug|Any CPU.ActiveCfg = Debug|Any CPU
		{645B2B48-EA99-490D-A147-7448CB633943}.Debug|Any CPU.Build.0 = Debug|Any CPU
		{645B2B48-EA99-490D-A147-7448CB633943}.Debug|x64.ActiveCfg = Debug|Any CPU
		{645B2B48-EA99-490D-A147-7448CB633943}.Debug|x64.Build.0 = Debug|Any CPU
		{645B2B48-EA99-490D-A147-7448CB633943}.Debug|x86.ActiveCfg = Debug|Any CPU
		{645B2B48-EA99-490D-A147-7448CB633943}.Debug|x86.Build.0 = Debug|Any CPU
		{645B2B48-EA99-490D-A147-7448CB633943}.Release|Any CPU.ActiveCfg = Release|Any CPU
		{645B2B48-EA99-490D-A147-7448CB633943}.Release|Any CPU.Build.0 = Release|Any CPU
		{645B2B48-EA99-490D-A147-7448CB633943}.Release|x64.ActiveCfg = Release|Any CPU
		{645B2B48-EA99-490D-A147-7448CB633943}.Release|x64.Build.0 = Release|Any CPU
		{645B2B48-EA99-490D-A147-7448CB633943}.Release|x86.ActiveCfg = Release|Any CPU
		{645B2B48-EA99-490D-A147-7448CB633943}.Release|x86.Build.0 = Release|Any CPU
		{87F32A70-6D4F-48B4-9ABC-E8BB8E69087B}.Debug|Any CPU.ActiveCfg = Debug|Any CPU
		{87F32A70-6D4F-48B4-9ABC-E8BB8E69087B}.Debug|Any CPU.Build.0 = Debug|Any CPU
		{87F32A70-6D4F-48B4-9ABC-E8BB8E69087B}.Debug|x64.ActiveCfg = Debug|Any CPU
		{87F32A70-6D4F-48B4-9ABC-E8BB8E69087B}.Debug|x64.Build.0 = Debug|Any CPU
		{87F32A70-6D4F-48B4-9ABC-E8BB8E69087B}.Debug|x86.ActiveCfg = Debug|Any CPU
		{87F32A70-6D4F-48B4-9ABC-E8BB8E69087B}.Debug|x86.Build.0 = Debug|Any CPU
		{87F32A70-6D4F-48B4-9ABC-E8BB8E69087B}.Release|Any CPU.ActiveCfg = Release|Any CPU
		{87F32A70-6D4F-48B4-9ABC-E8BB8E69087B}.Release|Any CPU.Build.0 = Release|Any CPU
		{87F32A70-6D4F-48B4-9ABC-E8BB8E69087B}.Release|x64.ActiveCfg = Release|Any CPU
		{87F32A70-6D4F-48B4-9ABC-E8BB8E69087B}.Release|x64.Build.0 = Release|Any CPU
		{87F32A70-6D4F-48B4-9ABC-E8BB8E69087B}.Release|x86.ActiveCfg = Release|Any CPU
		{87F32A70-6D4F-48B4-9ABC-E8BB8E69087B}.Release|x86.Build.0 = Release|Any CPU
	EndGlobalSection
	GlobalSection(NestedProjects) = preSolution
		{508A70E3-C6BF-480E-8185-B6009D79FEE5} = {7281FDA5-61F5-4FEE-9AD5-5B3DC1B62C8C}
		{3D8CC398-6127-4A44-830B-8809EFD1C522} = {7281FDA5-61F5-4FEE-9AD5-5B3DC1B62C8C}
		{6E34968B-C029-41F2-AF51-9E2D8A625E3A} = {40E702F2-681F-4D96-8954-2EA00B760377}
		{645B2B48-EA99-490D-A147-7448CB633943} = {40E702F2-681F-4D96-8954-2EA00B760377}
		{87F32A70-6D4F-48B4-9ABC-E8BB8E69087B} = {40E702F2-681F-4D96-8954-2EA00B760377}
	EndGlobalSection
EndGlobal
